{
  "dependencies": {
    "URIjs": {
      "version": "1.14.1"
    },
    "bower": {
      "version": "1.3.12",
      "dependencies": {
        "abbrev": {
          "version": "1.0.5"
        },
        "archy": {
          "version": "0.0.2"
        },
        "bower-config": {
          "version": "0.5.2",
          "dependencies": {
            "graceful-fs": {
              "version": "2.0.3"
            },
            "optimist": {
              "version": "0.6.1",
              "dependencies": {
                "wordwrap": {
                  "version": "0.0.2"
                },
                "minimist": {
                  "version": "0.0.10"
                }
              }
            },
            "osenv": {
              "version": "0.0.3"
            }
          }
        },
        "bower-endpoint-parser": {
          "version": "0.2.2"
        },
        "bower-json": {
          "version": "0.4.0",
          "dependencies": {
            "deep-extend": {
              "version": "0.2.11"
            },
            "graceful-fs": {
              "version": "2.0.3"
            },
            "intersect": {
              "version": "0.0.3"
            }
          }
        },
        "bower-logger": {
          "version": "0.2.2"
        },
        "bower-registry-client": {
          "version": "0.2.1",
          "dependencies": {
            "async": {
              "version": "0.2.10"
            },
            "graceful-fs": {
              "version": "2.0.3"
            },
            "lru-cache": {
              "version": "2.3.1"
            },
            "request": {
              "version": "2.27.0",
              "dependencies": {
                "qs": {
                  "version": "0.6.6"
                },
                "json-stringify-safe": {
                  "version": "5.0.0"
                },
                "forever-agent": {
                  "version": "0.5.2"
                },
                "tunnel-agent": {
                  "version": "0.3.0"
                },
                "http-signature": {
                  "version": "0.10.0",
                  "dependencies": {
                    "assert-plus": {
                      "version": "0.1.2"
                    },
                    "asn1": {
                      "version": "0.1.11"
                    },
                    "ctype": {
                      "version": "0.5.2"
                    }
                  }
                },
                "hawk": {
                  "version": "1.0.0",
                  "dependencies": {
                    "hoek": {
                      "version": "0.9.1"
                    },
                    "boom": {
                      "version": "0.4.2"
                    },
                    "cryptiles": {
                      "version": "0.2.2"
                    },
                    "sntp": {
                      "version": "0.2.4"
                    }
                  }
                },
                "aws-sign": {
                  "version": "0.3.0"
                },
                "oauth-sign": {
                  "version": "0.3.0"
                },
                "cookie-jar": {
                  "version": "0.3.0"
                },
                "node-uuid": {
                  "version": "1.4.1"
                },
                "mime": {
                  "version": "1.2.11"
                },
                "form-data": {
                  "version": "0.1.4",
                  "dependencies": {
                    "combined-stream": {
                      "version": "0.0.7",
                      "dependencies": {
                        "delayed-stream": {
                          "version": "0.0.5"
                        }
                      }
                    },
                    "async": {
                      "version": "0.9.0"
                    }
                  }
                }
              }
            },
            "request-replay": {
              "version": "0.2.0"
            },
            "mkdirp": {
              "version": "0.3.5"
            }
          }
        },
        "cardinal": {
          "version": "0.4.0",
          "dependencies": {
            "redeyed": {
              "version": "0.4.4",
              "dependencies": {
                "esprima": {
                  "version": "1.0.4"
                }
              }
            }
          }
        },
        "chalk": {
          "version": "0.5.0",
          "dependencies": {
            "ansi-styles": {
              "version": "1.1.0"
            },
            "escape-string-regexp": {
              "version": "1.0.2"
            },
            "has-ansi": {
              "version": "0.1.0",
              "dependencies": {
                "ansi-regex": {
                  "version": "0.2.1"
                }
              }
            },
            "strip-ansi": {
              "version": "0.3.0",
              "dependencies": {
                "ansi-regex": {
                  "version": "0.2.1"
                }
              }
            },
            "supports-color": {
              "version": "0.2.0"
            }
          }
        },
        "chmodr": {
          "version": "0.1.0"
        },
        "decompress-zip": {
          "version": "0.0.8",
          "dependencies": {
            "mkpath": {
              "version": "0.1.0"
            },
            "binary": {
              "version": "0.3.0",
              "dependencies": {
                "chainsaw": {
                  "version": "0.1.0",
                  "dependencies": {
                    "traverse": {
                      "version": "0.3.9"
                    }
                  }
                },
                "buffers": {
                  "version": "0.1.1"
                }
              }
            },
            "touch": {
              "version": "0.0.2",
              "dependencies": {
                "nopt": {
                  "version": "1.0.10"
                }
              }
            },
            "readable-stream": {
              "version": "1.1.13",
              "dependencies": {
                "core-util-is": {
                  "version": "1.0.1"
                },
                "isarray": {
                  "version": "0.0.1"
                },
                "string_decoder": {
                  "version": "0.10.31"
                },
                "inherits": {
                  "version": "2.0.1"
                }
              }
            },
            "nopt": {
              "version": "2.2.1"
            }
          }
        },
        "fstream": {
          "version": "1.0.2",
          "dependencies": {
            "inherits": {
              "version": "2.0.1"
            }
          }
        },
        "fstream-ignore": {
          "version": "1.0.1",
          "dependencies": {
            "inherits": {
              "version": "2.0.1"
            },
            "minimatch": {
              "version": "1.0.0",
              "dependencies": {
                "sigmund": {
                  "version": "1.0.0"
                }
              }
            }
          }
        },
        "glob": {
          "version": "4.0.6",
          "dependencies": {
            "inherits": {
              "version": "2.0.1"
            },
            "minimatch": {
              "version": "1.0.0",
              "dependencies": {
                "sigmund": {
                  "version": "1.0.0"
                }
              }
            },
            "once": {
              "version": "1.3.1",
              "dependencies": {
                "wrappy": {
                  "version": "1.0.1"
                }
              }
            }
          }
        },
        "graceful-fs": {
          "version": "3.0.4"
        },
        "handlebars": {
          "version": "2.0.0",
          "dependencies": {
            "optimist": {
              "version": "0.3.7",
              "dependencies": {
                "wordwrap": {
                  "version": "0.0.2"
                }
              }
            },
            "uglify-js": {
              "version": "2.3.6",
              "dependencies": {
                "async": {
                  "version": "0.2.10"
                },
                "source-map": {
                  "version": "0.1.40",
                  "dependencies": {
                    "amdefine": {
                      "version": "0.1.0"
                    }
                  }
                }
              }
            }
          }
        },
        "inquirer": {
          "version": "0.7.1",
          "dependencies": {
            "cli-color": {
              "version": "0.3.2",
              "dependencies": {
                "d": {
                  "version": "0.1.1"
                },
                "es5-ext": {
                  "version": "0.10.4",
                  "dependencies": {
                    "es6-iterator": {
                      "version": "0.1.2"
                    },
                    "es6-symbol": {
                      "version": "0.1.1"
                    }
                  }
                },
                "memoizee": {
                  "version": "0.3.8",
                  "dependencies": {
                    "es6-weak-map": {
                      "version": "0.1.2",
                      "dependencies": {
                        "es6-iterator": {
                          "version": "0.1.2"
                        },
                        "es6-symbol": {
                          "version": "0.1.1"
                        }
                      }
                    },
                    "event-emitter": {
                      "version": "0.3.1"
                    },
                    "lru-queue": {
                      "version": "0.1.0"
                    },
                    "next-tick": {
                      "version": "0.2.2"
                    }
                  }
                },
                "timers-ext": {
                  "version": "0.1.0",
                  "dependencies": {
                    "next-tick": {
                      "version": "0.2.2"
                    }
                  }
                }
              }
            },
            "figures": {
              "version": "1.3.5"
            },
            "mute-stream": {
              "version": "0.0.4"
            },
            "readline2": {
              "version": "0.1.0",
              "dependencies": {
                "chalk": {
                  "version": "0.4.0",
                  "dependencies": {
                    "has-color": {
                      "version": "0.1.7"
                    },
                    "ansi-styles": {
                      "version": "1.0.0"
                    },
                    "strip-ansi": {
                      "version": "0.1.1"
                    }
                  }
                }
              }
            },
            "rx": {
              "version": "2.3.18"
            },
            "through": {
              "version": "2.3.6"
            }
          }
        },
        "insight": {
          "version": "0.4.3",
          "dependencies": {
            "async": {
              "version": "0.9.0"
            },
            "chalk": {
              "version": "0.5.1",
              "dependencies": {
                "ansi-styles": {
                  "version": "1.1.0"
                },
                "escape-string-regexp": {
                  "version": "1.0.2"
                },
                "has-ansi": {
                  "version": "0.1.0",
                  "dependencies": {
                    "ansi-regex": {
                      "version": "0.2.1"
                    }
                  }
                },
                "strip-ansi": {
                  "version": "0.3.0",
                  "dependencies": {
                    "ansi-regex": {
                      "version": "0.2.1"
                    }
                  }
                },
                "supports-color": {
                  "version": "0.2.0"
                }
              }
            },
            "configstore": {
              "version": "0.3.1",
              "dependencies": {
                "js-yaml": {
                  "version": "3.0.2",
                  "dependencies": {
                    "argparse": {
                      "version": "0.1.15",
                      "dependencies": {
                        "underscore": {
                          "version": "1.4.4"
                        },
                        "underscore.string": {
                          "version": "2.3.3"
                        }
                      }
                    },
                    "esprima": {
                      "version": "1.0.4"
                    }
                  }
                },
                "object-assign": {
                  "version": "0.3.1"
                },
                "uuid": {
                  "version": "1.4.2"
                }
              }
            },
            "inquirer": {
              "version": "0.6.0",
              "dependencies": {
                "cli-color": {
                  "version": "0.3.2",
                  "dependencies": {
                    "d": {
                      "version": "0.1.1"
                    },
                    "es5-ext": {
                      "version": "0.10.4",
                      "dependencies": {
                        "es6-iterator": {
                          "version": "0.1.2"
                        },
                        "es6-symbol": {
                          "version": "0.1.1"
                        }
                      }
                    },
                    "memoizee": {
                      "version": "0.3.8",
                      "dependencies": {
                        "es6-weak-map": {
                          "version": "0.1.2",
                          "dependencies": {
                            "es6-iterator": {
                              "version": "0.1.2"
                            },
                            "es6-symbol": {
                              "version": "0.1.1"
                            }
                          }
                        },
                        "event-emitter": {
                          "version": "0.3.1"
                        },
                        "lru-queue": {
                          "version": "0.1.0"
                        },
                        "next-tick": {
                          "version": "0.2.2"
                        }
                      }
                    },
                    "timers-ext": {
                      "version": "0.1.0",
                      "dependencies": {
                        "next-tick": {
                          "version": "0.2.2"
                        }
                      }
                    }
                  }
                },
                "mute-stream": {
                  "version": "0.0.4"
                },
                "readline2": {
                  "version": "0.1.0",
                  "dependencies": {
                    "chalk": {
                      "version": "0.4.0",
                      "dependencies": {
                        "has-color": {
                          "version": "0.1.7"
                        },
                        "ansi-styles": {
                          "version": "1.0.0"
                        },
                        "strip-ansi": {
                          "version": "0.1.1"
                        }
                      }
                    }
                  }
                },
                "rx": {
                  "version": "2.3.18"
                },
                "through": {
                  "version": "2.3.6"
                }
              }
            },
            "lodash.debounce": {
              "version": "2.4.1",
              "dependencies": {
                "lodash.isfunction": {
                  "version": "2.4.1"
                },
                "lodash.isobject": {
                  "version": "2.4.1",
                  "dependencies": {
                    "lodash._objecttypes": {
                      "version": "2.4.1"
                    }
                  }
                },
                "lodash.now": {
                  "version": "2.4.1",
                  "dependencies": {
                    "lodash._isnative": {
                      "version": "2.4.1"
                    }
                  }
                }
              }
            },
            "object-assign": {
              "version": "1.0.0"
            },
            "os-name": {
              "version": "1.0.1",
              "dependencies": {
                "minimist": {
                  "version": "1.1.0"
                },
                "osx-release": {
                  "version": "1.0.0"
                }
              }
            },
            "tough-cookie": {
              "version": "0.12.1",
              "dependencies": {
                "punycode": {
                  "version": "1.3.2"
                }
              }
            }
          }
        },
        "is-root": {
          "version": "1.0.0"
        },
        "junk": {
          "version": "1.0.0"
        },
        "lockfile": {
          "version": "1.0.0"
        },
        "lru-cache": {
          "version": "2.5.0"
        },
        "mkdirp": {
          "version": "0.5.0",
          "dependencies": {
            "minimist": {
              "version": "0.0.8"
            }
          }
        },
        "mout": {
          "version": "0.9.1"
        },
        "nopt": {
          "version": "3.0.1"
        },
        "opn": {
          "version": "1.0.0"
        },
        "osenv": {
          "version": "0.1.0"
        },
        "p-throttler": {
          "version": "0.1.0",
          "dependencies": {
            "q": {
              "version": "0.9.7"
            }
          }
        },
        "promptly": {
          "version": "0.2.0",
          "dependencies": {
            "read": {
              "version": "1.0.5",
              "dependencies": {
                "mute-stream": {
                  "version": "0.0.4"
                }
              }
            }
          }
        },
        "q": {
          "version": "1.0.1"
        },
        "request": {
          "version": "2.42.0",
          "dependencies": {
            "bl": {
              "version": "0.9.3",
              "dependencies": {
                "readable-stream": {
                  "version": "1.0.33",
                  "dependencies": {
                    "core-util-is": {
                      "version": "1.0.1"
                    },
                    "isarray": {
                      "version": "0.0.1"
                    },
                    "string_decoder": {
                      "version": "0.10.31"
                    },
                    "inherits": {
                      "version": "2.0.1"
                    }
                  }
                }
              }
            },
            "caseless": {
              "version": "0.6.0"
            },
            "forever-agent": {
              "version": "0.5.2"
            },
            "qs": {
              "version": "1.2.2"
            },
            "json-stringify-safe": {
              "version": "5.0.0"
            },
            "mime-types": {
              "version": "1.0.2"
            },
            "node-uuid": {
              "version": "1.4.1"
            },
            "tunnel-agent": {
              "version": "0.4.0"
            },
            "tough-cookie": {
              "version": "0.12.1",
              "dependencies": {
                "punycode": {
                  "version": "1.3.2"
                }
              }
            },
            "form-data": {
              "version": "0.1.4",
              "dependencies": {
                "combined-stream": {
                  "version": "0.0.7",
                  "dependencies": {
                    "delayed-stream": {
                      "version": "0.0.5"
                    }
                  }
                },
                "mime": {
                  "version": "1.2.11"
                },
                "async": {
                  "version": "0.9.0"
                }
              }
            },
            "http-signature": {
              "version": "0.10.0",
              "dependencies": {
                "assert-plus": {
                  "version": "0.1.2"
                },
                "asn1": {
                  "version": "0.1.11"
                },
                "ctype": {
                  "version": "0.5.2"
                }
              }
            },
            "oauth-sign": {
              "version": "0.4.0"
            },
            "hawk": {
              "version": "1.1.1",
              "dependencies": {
                "hoek": {
                  "version": "0.9.1"
                },
                "boom": {
                  "version": "0.4.2"
                },
                "cryptiles": {
                  "version": "0.2.2"
                },
                "sntp": {
                  "version": "0.2.4"
                }
              }
            },
            "aws-sign2": {
              "version": "0.5.0"
            },
            "stringstream": {
              "version": "0.0.4"
            }
          }
        },
        "request-progress": {
          "version": "0.3.0",
          "dependencies": {
            "throttleit": {
              "version": "0.0.2"
            }
          }
        },
        "retry": {
          "version": "0.6.0"
        },
        "semver": {
          "version": "2.3.2"
        },
        "shell-quote": {
          "version": "1.4.2",
          "dependencies": {
            "jsonify": {
              "version": "0.0.0"
            },
            "array-filter": {
              "version": "0.0.1"
            },
            "array-reduce": {
              "version": "0.0.0"
            },
            "array-map": {
              "version": "0.0.0"
            }
          }
        },
        "stringify-object": {
          "version": "1.0.0"
        },
        "tar-fs": {
          "version": "0.5.2",
          "dependencies": {
            "pump": {
              "version": "0.3.5",
              "dependencies": {
                "once": {
                  "version": "1.2.0"
                },
                "end-of-stream": {
                  "version": "1.0.0",
                  "dependencies": {
                    "once": {
                      "version": "1.3.1",
                      "dependencies": {
                        "wrappy": {
                          "version": "1.0.1"
                        }
                      }
                    }
                  }
                }
              }
            },
            "tar-stream": {
              "version": "0.4.7",
              "dependencies": {
                "bl": {
                  "version": "0.9.3"
                },
                "end-of-stream": {
                  "version": "1.1.0",
                  "dependencies": {
                    "once": {
                      "version": "1.3.1",
                      "dependencies": {
                        "wrappy": {
                          "version": "1.0.1"
                        }
                      }
                    }
                  }
                },
                "readable-stream": {
                  "version": "1.0.33",
                  "dependencies": {
                    "core-util-is": {
                      "version": "1.0.1"
                    },
                    "isarray": {
                      "version": "0.0.1"
                    },
                    "string_decoder": {
                      "version": "0.10.31"
                    },
                    "inherits": {
                      "version": "2.0.1"
                    }
                  }
                },
                "xtend": {
                  "version": "4.0.0"
                }
              }
            }
          }
        },
        "tmp": {
          "version": "0.0.23"
        },
        "update-notifier": {
          "version": "0.2.0",
          "dependencies": {
            "configstore": {
              "version": "0.3.1",
              "dependencies": {
                "js-yaml": {
                  "version": "3.0.2",
                  "dependencies": {
                    "argparse": {
                      "version": "0.1.15",
                      "dependencies": {
                        "underscore": {
                          "version": "1.4.4"
                        },
                        "underscore.string": {
                          "version": "2.3.3"
                        }
                      }
                    },
                    "esprima": {
                      "version": "1.0.4"
                    }
                  }
                },
                "object-assign": {
                  "version": "0.3.1"
                },
                "uuid": {
                  "version": "1.4.2"
                }
              }
            },
            "latest-version": {
              "version": "0.2.0",
              "dependencies": {
                "package-json": {
                  "version": "0.2.0",
                  "dependencies": {
                    "got": {
                      "version": "0.3.0",
                      "dependencies": {
                        "object-assign": {
                          "version": "0.3.1"
                        }
                      }
                    },
                    "registry-url": {
                      "version": "0.1.1",
                      "dependencies": {
                        "npmconf": {
                          "version": "2.1.1",
                          "dependencies": {
                            "config-chain": {
                              "version": "1.1.8",
                              "dependencies": {
                                "proto-list": {
                                  "version": "1.2.3"
                                }
                              }
                            },
                            "inherits": {
                              "version": "2.0.1"
                            },
                            "ini": {
                              "version": "1.3.2"
                            },
                            "once": {
                              "version": "1.3.1",
                              "dependencies": {
                                "wrappy": {
                                  "version": "1.0.1"
                                }
                              }
                            },
                            "uid-number": {
                              "version": "0.0.5"
                            }
                          }
                        }
                      }
                    }
                  }
                }
              }
            },
            "semver-diff": {
              "version": "0.1.0"
            },
            "string-length": {
              "version": "0.1.2",
              "dependencies": {
                "strip-ansi": {
                  "version": "0.2.2",
                  "dependencies": {
                    "ansi-regex": {
                      "version": "0.1.0"
                    }
                  }
                }
              }
            }
          }
        },
        "which": {
          "version": "1.0.7"
        }
      }
    },
    "css-loader": {
      "version": "0.9.0",
      "dependencies": {
        "csso": {
          "version": "1.3.11"
        },
        "source-map": {
          "version": "0.1.40",
          "dependencies": {
            "amdefine": {
              "version": "0.1.0"
            }
          }
        },
        "loader-utils": {
          "version": "0.2.5",
          "dependencies": {
            "json5": {
              "version": "0.1.0"
            },
            "big.js": {
              "version": "2.5.1"
            }
          }
        }
      }
    },
    "exports-loader": {
      "version": "0.6.2",
      "dependencies": {
        "loader-utils": {
          "version": "0.2.5",
          "dependencies": {
            "json5": {
              "version": "0.1.0"
            },
            "big.js": {
              "version": "2.5.1"
            }
          }
        },
        "source-map": {
          "version": "0.1.40",
          "dependencies": {
            "amdefine": {
              "version": "0.1.0"
            }
          }
        }
      }
    },
    "expose-loader": {
      "version": "0.6.0"
    },
    "file-loader": {
      "version": "0.8.1",
      "dependencies": {
        "loader-utils": {
          "version": "0.2.5",
          "dependencies": {
            "json5": {
              "version": "0.1.0"
            },
            "big.js": {
              "version": "2.5.1"
            }
          }
        }
      }
    },
    "html-loader": {
      "version": "0.2.3",
      "dependencies": {
        "html-minifier": {
          "version": "0.5.6"
        },
        "source-map": {
          "version": "0.1.40",
          "dependencies": {
            "amdefine": {
              "version": "0.1.0"
            }
          }
        },
        "fastparse": {
          "version": "1.0.0"
        },
        "loader-utils": {
          "version": "0.2.5",
          "dependencies": {
            "json5": {
              "version": "0.1.0"
            },
            "big.js": {
              "version": "2.5.1"
            }
          }
        }
      }
    },
    "json-loader": {
      "version": "0.5.1"
    },
    "lodash": {
      "version": "2.4.1"
    },
    "ngtemplate-loader": {
      "version": "0.1.2",
      "dependencies": {
        "loader-utils": {
          "version": "0.2.5",
          "dependencies": {
            "json5": {
              "version": "0.1.0"
            },
            "big.js": {
              "version": "2.5.1"
            }
          }
        }
      }
    },
    "polyfill-function-prototype-bind": {
      "version": "0.0.1"
    },
    "shelljs": {
      "version": "0.3.0"
    },
    "style-loader": {
      "version": "0.8.2",
      "dependencies": {
        "loader-utils": {
          "version": "0.2.5",
          "dependencies": {
            "json5": {
              "version": "0.1.0"
            },
            "big.js": {
              "version": "2.5.1"
            }
          }
        }
      }
    },
    "url-loader": {
      "version": "0.5.5",
      "dependencies": {
        "loader-utils": {
          "version": "0.2.5",
          "dependencies": {
            "json5": {
              "version": "0.1.0"
            },
            "big.js": {
              "version": "2.5.1"
            }
          }
        },
        "mime": {
          "version": "1.2.11"
        }
      }
    },
    "webpack": {
      "version": "1.4.13",
      "dependencies": {
        "esprima": {
          "version": "1.2.2"
        },
        "mkdirp": {
          "version": "0.5.0",
          "dependencies": {
            "minimist": {
              "version": "0.0.8"
            }
          }
        },
        "optimist": {
          "version": "0.6.1",
          "dependencies": {
            "wordwrap": {
              "version": "0.0.2"
            },
            "minimist": {
              "version": "0.0.10"
            }
          }
        },
        "uglify-js": {
          "version": "2.4.15",
          "dependencies": {
            "async": {
              "version": "0.2.10"
            },
            "source-map": {
              "version": "0.1.34",
              "dependencies": {
                "amdefine": {
                  "version": "0.1.0"
                }
              }
            },
            "optimist": {
              "version": "0.3.7",
              "dependencies": {
                "wordwrap": {
                  "version": "0.0.2"
                }
              }
            },
            "uglify-to-browserify": {
              "version": "1.0.2"
            }
          }
        },
        "async": {
          "version": "0.9.0"
        },
        "enhanced-resolve": {
          "version": "0.7.6",
          "dependencies": {
            "graceful-fs": {
              "version": "2.0.3"
            }
          }
        },
        "memory-fs": {
          "version": "0.1.0"
        },
        "clone": {
          "version": "0.1.18"
        },
        "webpack-core": {
          "version": "0.4.8",
          "dependencies": {
            "source-map": {
              "version": "0.1.40",
              "dependencies": {
                "amdefine": {
                  "version": "0.1.0"
                }
              }
            }
          }
        },
        "node-libs-browser": {
          "version": "0.4.1",
          "dependencies": {
            "console-browserify": {
              "version": "1.1.0",
              "dependencies": {
                "date-now": {
                  "version": "0.1.4"
                }
              }
            },
            "vm-browserify": {
              "version": "0.0.4",
              "dependencies": {
                "indexof": {
                  "version": "0.0.1"
                }
              }
            },
            "crypto-browserify": {
              "version": "3.3.0",
              "dependencies": {
                "pbkdf2-compat": {
                  "version": "2.0.1"
                },
                "ripemd160": {
                  "version": "0.2.0"
                },
                "sha.js": {
                  "version": "2.2.6"
                },
                "browserify-aes": {
                  "version": "0.4.0",
                  "dependencies": {
                    "inherits": {
                      "version": "2.0.1"
                    }
                  }
                }
              }
            },
            "http-browserify": {
              "version": "1.7.0",
              "dependencies": {
                "Base64": {
                  "version": "0.2.1"
                },
                "inherits": {
                  "version": "2.0.1"
                }
              }
            },
            "browserify-zlib": {
              "version": "0.1.4",
              "dependencies": {
                "pako": {
                  "version": "0.2.5"
                }
              }
            },
            "https-browserify": {
              "version": "0.0.0"
            },
            "tty-browserify": {
              "version": "0.0.0"
            },
            "constants-browserify": {
              "version": "0.0.1"
            },
            "os-browserify": {
              "version": "0.1.2"
            },
            "path-browserify": {
              "version": "0.0.0"
            },
            "domain-browser": {
              "version": "1.1.3"
            },
            "querystring-es3": {
              "version": "0.2.1"
            },
            "timers-browserify": {
              "version": "1.1.0",
              "dependencies": {
                "process": {
                  "version": "0.5.2"
                }
              }
            },
            "stream-browserify": {
              "version": "1.0.0",
              "dependencies": {
                "inherits": {
                  "version": "2.0.1"
                }
              }
            },
            "readable-stream": {
              "version": "1.1.13",
              "dependencies": {
                "core-util-is": {
                  "version": "1.0.1"
                },
                "isarray": {
                  "version": "0.0.1"
                },
                "inherits": {
                  "version": "2.0.1"
                }
              }
            },
            "string_decoder": {
              "version": "0.10.31"
            },
            "punycode": {
              "version": "1.3.2"
            },
            "events": {
              "version": "1.0.2"
            },
            "util": {
              "version": "0.10.3",
              "dependencies": {
                "inherits": {
                  "version": "2.0.1"
                }
              }
            },
            "assert": {
              "version": "1.1.2"
            },
            "buffer": {
              "version": "2.8.1",
              "dependencies": {
                "base64-js": {
                  "version": "0.0.7"
                },
                "ieee754": {
                  "version": "1.1.4"
                },
                "is-array": {
                  "version": "1.0.1"
                }
              }
            },
            "url": {
              "version": "0.10.1",
              "dependencies": {
                "punycode": {
                  "version": "1.2.4"
                }
              }
            },
            "process": {
              "version": "0.8.0"
            }
          }
        },
        "watchpack": {
          "version": "0.1.3",
          "dependencies": {
            "chokidar": {
              "version": "0.11.1",
              "dependencies": {
                "readdirp": {
                  "version": "1.1.0",
                  "dependencies": {
                    "graceful-fs": {
                      "version": "2.0.3"
                    },
                    "minimatch": {
                      "version": "0.2.14",
                      "dependencies": {
                        "lru-cache": {
                          "version": "2.5.0"
                        },
                        "sigmund": {
                          "version": "1.0.0"
                        }
                      }
                    },
                    "readable-stream": {
                      "version": "1.0.33",
                      "dependencies": {
                        "core-util-is": {
                          "version": "1.0.1"
                        },
                        "isarray": {
                          "version": "0.0.1"
                        },
                        "string_decoder": {
                          "version": "0.10.31"
                        },
                        "inherits": {
                          "version": "2.0.1"
                        }
                      }
                    }
                  }
                },
                "async-each": {
                  "version": "0.1.6"
                },
                "fsevents": {
                  "version": "0.3.1",
                  "dependencies": {
                    "nan": {
                      "version": "1.3.0"
                    }
                  }
                }
              }
            },
            "graceful-fs": {
              "version": "3.0.4"
            }
          }
        },
        "tapable": {
          "version": "0.1.8"
        }
      }
    },
    "yaml-loader": {
      "version": "0.1.0",
      "dependencies": {
        "js-yaml": {
          "version": "3.2.3",
          "dependencies": {
            "argparse": {
              "version": "0.1.15",
              "dependencies": {
                "underscore": {
                  "version": "1.4.4"
                },
                "underscore.string": {
                  "version": "2.3.3"
                }
              }
            },
            "esprima": {
              "version": "1.0.4"
            }
          }
        }
      }
    }
  },
  "name": "openproject-frontend",
  "version": "0.1.0"
}
