{
  "name": "openproject",
  "version": "0.1.0",
  "lockfileVersion": 3,
  "requires": true,
  "packages": {
    "": {
      "name": "openproject",
      "version": "0.1.0",
      "hasInstallScript": true,
      "dependencies": {
        "@xeokit/xeokit-gltf-to-xkt": "^1.3.1"
      },
      "devDependencies": {
        "@herb-tools/linter": "^0.11.0",
        "@redocly/cli": "^2.53.3"
      },
      "engines": {
        "node": "^24.15.0",
        "npm": "^11.0.0"
      }
    },
    "node_modules/@herb-tools/analysis": {
      "version": "0.11.0",
      "resolved": "https://registry.npmjs.org/@herb-tools/analysis/-/analysis-0.11.0.tgz",
      "integrity": "sha512-4Ypn7dRh/V52vuw25gtOySq/6o0eSK/RKLB88qHDR7/oVjl3FFCGVCi7ikhbbnucBUxLy2GQ/aaQVinfIYW7aQ==",
      "dev": true,
      "license": "MIT",
      "dependencies": {
        "@herb-tools/core": "0.11.0",
        "picomatch": "^4.0.7",
        "tinyglobby": "^0.2.15"
      },
      "peerDependencies": {
        "@herb-tools/core": "0.11.0"
      }
    },
    "node_modules/@herb-tools/client": {
      "version": "0.11.0",
      "resolved": "https://registry.npmjs.org/@herb-tools/client/-/client-0.11.0.tgz",
      "integrity": "sha512-At1+9DaOfKAbefUheSPPqvtv+Xg0S21xXE6KKgZawJAinfYTe7YLBrSup8pWNQmgyUDln6XNMs5nnYFwzNH90Q==",
      "dev": true,
      "license": "MIT"
    },
    "node_modules/@herb-tools/config": {
      "version": "0.11.0",
      "resolved": "https://registry.npmjs.org/@herb-tools/config/-/config-0.11.0.tgz",
      "integrity": "sha512-RSfuGp4jd9s7ykeGJiTdtPlpXwbBkCTOElEJt7kH+JkVMpBNxFqWe5I180kdArJOxVzC8h35OkLOiBK1Kf4Whg==",
      "dev": true,
      "license": "MIT",
      "dependencies": {
        "@herb-tools/core": "0.11.0",
        "picomatch": "^4.0.7",
        "tinyglobby": "^0.2.16",
        "yaml": "^2.9.1"
      }
    },
    "node_modules/@herb-tools/core": {
      "version": "0.11.0",
      "resolved": "https://registry.npmjs.org/@herb-tools/core/-/core-0.11.0.tgz",
      "integrity": "sha512-WyWZHCgrGmbjkWgGXprta9nldCXe49q6/+uB2vYiGWl2kJYahd0MC8zvOFgrB9+xUO9I7HEHCEG1Mxc45G4gew==",
      "dev": true,
      "license": "MIT",
      "dependencies": {
        "@ruby/prism": "^1.9.0"
      }
    },
    "node_modules/@herb-tools/highlighter": {
      "version": "0.11.0",
      "resolved": "https://registry.npmjs.org/@herb-tools/highlighter/-/highlighter-0.11.0.tgz",
      "integrity": "sha512-n7juB1wgXSJxd6leRe2xevRrh/3ZJ1zrek1Fg8FoFFhoY2EXRNASjZv/Jp4rHen51Ce8lnP3t3aKwodz1RKPVA==",
      "dev": true,
      "license": "MIT",
      "dependencies": {
        "@herb-tools/core": "0.11.0",
        "@herb-tools/node-wasm": "0.11.0",
        "ansi_up": "^6.0.6"
      },
      "bin": {
        "herb-highlight": "bin/herb-highlight"
      }
    },
    "node_modules/@herb-tools/linter": {
      "version": "0.11.0",
      "resolved": "https://registry.npmjs.org/@herb-tools/linter/-/linter-0.11.0.tgz",
      "integrity": "sha512-lEHLMZG92JMMu/63CEKXPGkV1VgeQ4fBYTsXdXwo/vd6Fil6+LQ6NjrMv1yll1ZyykSPIcqxQG+dBgI3q/HJVQ==",
      "dev": true,
      "license": "MIT",
      "dependencies": {
        "@herb-tools/analysis": "0.11.0",
        "@herb-tools/client": "0.11.0",
        "@herb-tools/config": "0.11.0",
        "@herb-tools/core": "0.11.0",
        "@herb-tools/highlighter": "0.11.0",
        "@herb-tools/node-wasm": "0.11.0",
        "@herb-tools/printer": "0.11.0",
        "@herb-tools/rewriter": "0.11.0",
        "@ruby/prism": "^1.9.0",
        "picomatch": "^4.0.7",
        "postcss": "^8.5.26",
        "postcss-selector-parser": "^7.1.6",
        "tinyglobby": "^0.2.15"
      },
      "bin": {
        "herb-lint": "bin/herb-lint"
      }
    },
    "node_modules/@herb-tools/node-wasm": {
      "version": "0.11.0",
      "resolved": "https://registry.npmjs.org/@herb-tools/node-wasm/-/node-wasm-0.11.0.tgz",
      "integrity": "sha512-HZl9xxV+Dm29Qhxo0lIiF8en/xUNDZUUOFwljugZwNR3ug9v91MWSOoqKkR7WPd+IXawmROMy+Jv2v6p2roTJA==",
      "dev": true,
      "license": "MIT",
      "dependencies": {
        "@herb-tools/core": "0.11.0",
        "@ruby/prism": "^1.9.0"
      }
    },
    "node_modules/@herb-tools/printer": {
      "version": "0.11.0",
      "resolved": "https://registry.npmjs.org/@herb-tools/printer/-/printer-0.11.0.tgz",
      "integrity": "sha512-nD56MCbvYnKbkz+Zgsjo/IBgW1ED/RD1Bkc563ujbsVgDhzTeldXcwlT3LZxbJ7S1QJfq0nBXnbSY8sxnOlUOg==",
      "dev": true,
      "license": "MIT",
      "dependencies": {
        "@herb-tools/config": "0.11.0",
        "@herb-tools/core": "0.11.0",
        "@herb-tools/node-wasm": "0.11.0",
        "tinyglobby": "^0.2.15"
      },
      "bin": {
        "herb-print": "bin/herb-print"
      }
    },
    "node_modules/@herb-tools/rewriter": {
      "version": "0.11.0",
      "resolved": "https://registry.npmjs.org/@herb-tools/rewriter/-/rewriter-0.11.0.tgz",
      "integrity": "sha512-K2Qii1vOYOWDR7P0u/LakjvmhsifWNmzKXVu3QnvyBsStIBHNprn/IRA3XHQgGfbQ3lfn1rSpkZKm3Ffubn/cQ==",
      "dev": true,
      "license": "MIT",
      "dependencies": {
        "@herb-tools/core": "0.11.0",
        "@herb-tools/printer": "0.11.0",
        "@herb-tools/tailwind-class-sorter": "0.11.0",
        "@ruby/prism": "^1.9.0",
        "tinyglobby": "^0.2.15"
      }
    },
    "node_modules/@herb-tools/tailwind-class-sorter": {
      "version": "0.11.0",
      "resolved": "https://registry.npmjs.org/@herb-tools/tailwind-class-sorter/-/tailwind-class-sorter-0.11.0.tgz",
      "integrity": "sha512-wQnxcNf2wiBUTDiOv1APbr4XUvRxixw3xZTbDZHDtwC8HT6GuWiCfaBxw2iqusVDvgADsWyfAWqWUjOgnPU12A==",
      "dev": true,
      "license": "MIT",
      "dependencies": {
        "clear-module": "^4.1.3",
        "escalade": "^3.2.0",
        "jiti": "^2.7.0",
        "postcss": "^8.5.26",
        "postcss-import": "^17.0.0"
      },
      "engines": {
        "node": ">=14.21.3"
      },
      "peerDependencies": {
        "tailwindcss": "^3.0 || ^4.0"
      },
      "peerDependenciesMeta": {
        "tailwindcss": {
          "optional": true
        }
      }
    },
    "node_modules/@redocly/cli": {
      "version": "2.53.3",
      "resolved": "https://registry.npmjs.org/@redocly/cli/-/cli-2.53.3.tgz",
      "integrity": "sha512-hzNAWzHCOZ05vwRx0ehTxNeJaxxizjGV505eKtfs9MR/8ieD/8lYhAK4GF5FaqRRwOEpLO0PvzQwBSKYXmxhRA==",
      "dev": true,
      "license": "MIT",
      "bin": {
        "openapi": "bin/cli.js",
        "redocly": "bin/cli.js"
      },
      "engines": {
        "node": ">=22.12.0 || >=20.19.0 <21.0.0",
        "npm": ">=10"
      }
    },
    "node_modules/@ruby/prism": {
      "version": "1.9.0",
      "resolved": "https://registry.npmjs.org/@ruby/prism/-/prism-1.9.0.tgz",
      "integrity": "sha512-/j+JfP1eA0nCjx6c/8L6K/ENErmsqc6RMAba8rKYNz4RadrT7AW20u4WrjpWYWzdlk6k1YWHxoW9OS68w02+Vw==",
      "dev": true,
      "license": "MIT"
    },
    "node_modules/@xeokit/xeokit-gltf-to-xkt": {
      "version": "1.3.1",
      "resolved": "https://registry.npmjs.org/@xeokit/xeokit-gltf-to-xkt/-/xeokit-gltf-to-xkt-1.3.1.tgz",
      "integrity": "sha512-6Cpkebw3hs5S7fY4iGU6evt4yL3vcQk34gKqOyH26Ur2LvGiqon6opu/Dgpkqp/F9/0ZPXm0Yv/AHYdezt+C9g==",
      "deprecated": "Package no longer supported. Contact Support at https://www.npmjs.com/support for more info.",
      "license": "AGPL3",
      "dependencies": {
        "@xeokit/xeokit-xkt-utils": "1.3.0",
        "commander": "^2.20.0"
      },
      "bin": {
        "gltf2xkt": "gltf2xkt.js"
      }
    },
    "node_modules/@xeokit/xeokit-xkt-utils": {
      "version": "1.3.0",
      "resolved": "https://registry.npmjs.org/@xeokit/xeokit-xkt-utils/-/xeokit-xkt-utils-1.3.0.tgz",
      "integrity": "sha512-FL40Pyb7k66R+4P3wODOa/RxbuYcLWK/VQIfNldEF2FwxhATXcF0yFv/ZR2Ac+dliR/LYL/bIvropZiD7o5DZA==",
      "deprecated": "Package no longer supported. Contact Support at https://www.npmjs.com/support for more info.",
      "license": "AGPL3"
    },
    "node_modules/ansi_up": {
      "version": "6.0.6",
      "resolved": "https://registry.npmjs.org/ansi_up/-/ansi_up-6.0.6.tgz",
      "integrity": "sha512-yIa1x3Ecf8jWP4UWEunNjqNX6gzE4vg2gGz+xqRGY+TBSucnYp6RRdPV4brmtg6bQ1ljD48mZ5iGSEj7QEpRKA==",
      "dev": true,
      "license": "MIT",
      "engines": {
        "node": "*"
      }
    },
    "node_modules/callsites": {
      "version": "3.1.0",
      "resolved": "https://registry.npmjs.org/callsites/-/callsites-3.1.0.tgz",
      "integrity": "sha512-P8BjAsXvZS+VIDUI11hHCQEv74YT67YUi5JJFNWIqL235sBmjX4+qx9Muvls5ivyNENctx46xQLQ3aTuE7ssaQ==",
      "dev": true,
      "license": "MIT",
      "engines": {
        "node": ">=6"
      }
    },
    "node_modules/clear-module": {
      "version": "4.1.3",
      "resolved": "https://registry.npmjs.org/clear-module/-/clear-module-4.1.3.tgz",
      "integrity": "sha512-XdLrg7BnbXKntyrbs2dNjDN9CVoTQ+WV0i7jT5/r9ahzAaSDSzC9e2OVZB/QVwbxBb1/1AeObzjlxsYk5HFvww==",
      "dev": true,
      "license": "MIT",
      "dependencies": {
        "parent-module": "^2.0.0",
        "resolve-from": "^5.0.0"
      },
      "engines": {
        "node": ">=8"
      },
      "funding": {
        "url": "https://github.com/sponsors/sindresorhus"
      }
    },
    "node_modules/commander": {
      "version": "2.20.3",
      "resolved": "https://registry.npmjs.org/commander/-/commander-2.20.3.tgz",
      "integrity": "sha512-GpVkmM8vF2vQUkj2LvZmD35JxeJOLCwJ9cUkugyk2nuhbv3+mJvpLYYt+0+USMxE+oj+ey/lJEnhZw75x/OMcQ==",
      "license": "MIT"
    },
    "node_modules/cssesc": {
      "version": "3.0.0",
      "resolved": "https://registry.npmjs.org/cssesc/-/cssesc-3.0.0.tgz",
      "integrity": "sha512-/Tb/JcjK111nNScGob5MNtsntNM1aCNUDipB/TkwZFhyDrrE47SOx/18wF2bbjgc3ZzCSKW1T5nt5EbFoAz/Vg==",
      "dev": true,
      "license": "MIT",
      "bin": {
        "cssesc": "bin/cssesc"
      },
      "engines": {
        "node": ">=4"
      }
    },
    "node_modules/es-errors": {
      "version": "1.3.0",
      "resolved": "https://registry.npmjs.org/es-errors/-/es-errors-1.3.0.tgz",
      "integrity": "sha512-Zf5H2Kxt2xjTvbJvP2ZWLEICxA6j+hAmMzIlypy4xcBg1vKVnx89Wy0GbS+kf5cwCVFFzdCFh2XSCFNULS6csw==",
      "dev": true,
      "license": "MIT",
      "engines": {
        "node": ">= 0.4"
      }
    },
    "node_modules/escalade": {
      "version": "3.2.0",
      "resolved": "https://registry.npmjs.org/escalade/-/escalade-3.2.0.tgz",
      "integrity": "sha512-WUj2qlxaQtO4g6Pq5c29GTcWGDyd8itL8zTlipgECz3JesAiiOKotd8JU6otB3PACgG6xkJUyVhboMS+bje/jA==",
      "dev": true,
      "license": "MIT",
      "engines": {
        "node": ">=6"
      }
    },
    "node_modules/fdir": {
      "version": "6.5.0",
      "resolved": "https://registry.npmjs.org/fdir/-/fdir-6.5.0.tgz",
      "integrity": "sha512-tIbYtZbucOs0BRGqPJkshJUYdL+SDH7dVM8gjy+ERp3WAUjLEFJE+02kanyHtwjWOnwrKYBiwAmM0p4kLJAnXg==",
      "dev": true,
      "license": "MIT",
      "engines": {
        "node": ">=12.0.0"
      },
      "peerDependencies": {
        "picomatch": "^3 || ^4"
      },
      "peerDependenciesMeta": {
        "picomatch": {
          "optional": true
        }
      }
    },
    "node_modules/function-bind": {
      "version": "1.1.2",
      "resolved": "https://registry.npmjs.org/function-bind/-/function-bind-1.1.2.tgz",
      "integrity": "sha512-7XHNxH7qX9xG5mIwxkhumTox/MIRNcOgDrxWsMt2pAr23WHp6MrRlN7FBSFpCpr+oVO0F744iUgR82nJMfG2SA==",
      "dev": true,
      "license": "MIT",
      "funding": {
        "url": "https://github.com/sponsors/ljharb"
      }
    },
    "node_modules/hasown": {
      "version": "2.0.4",
      "resolved": "https://registry.npmjs.org/hasown/-/hasown-2.0.4.tgz",
      "integrity": "sha512-T2UbfbBEF32wiepXIsMlTW9+dDYC6wMh/t/vYA4tuOMKqWz/n3vr1NFSxQiyP+zk2mXsoMA/i/7qV6LKut1t1A==",
      "dev": true,
      "license": "MIT",
      "dependencies": {
        "function-bind": "^1.1.2"
      },
      "engines": {
        "node": ">= 0.4"
      }
    },
    "node_modules/is-core-module": {
      "version": "2.17.0",
      "resolved": "https://registry.npmjs.org/is-core-module/-/is-core-module-2.17.0.tgz",
      "integrity": "sha512-J/vG0zBCbIKOQFfufSwyXdMrsohyJIUNkrnmo6WZGzoM7tr/lsbfW5b2BvisL6zsyMzK9UxV9L6c7AoFbyXHOA==",
      "dev": true,
      "license": "MIT",
      "dependencies": {
        "hasown": "^2.0.4"
      },
      "engines": {
        "node": ">= 0.4"
      },
      "funding": {
        "url": "https://github.com/sponsors/ljharb"
      }
    },
    "node_modules/jiti": {
      "version": "2.7.0",
      "resolved": "https://registry.npmjs.org/jiti/-/jiti-2.7.0.tgz",
      "integrity": "sha512-AC/7JofJvZGrrneWNaEnJeOLUx+JlGt7tNa0wZiRPT4MY1wmfKjt2+6O2p2uz2+skll8OZZmJMNqeke7kKbNgQ==",
      "dev": true,
      "license": "MIT",
      "bin": {
        "jiti": "lib/jiti-cli.mjs"
      }
    },
    "node_modules/nanoid": {
      "version": "3.3.20",
      "resolved": "https://registry.npmjs.org/nanoid/-/nanoid-3.3.20.tgz",
      "integrity": "sha512-uKdg2G3GNCKQn9byYOpxbGqrT2fGO5KRt5J/8b3pok8rT6qxGWF6hxMyJiEYtAf+FVyYuD9hRaDqX5uPFYJ4ZQ==",
      "dev": true,
      "funding": [
        {
          "type": "github",
          "url": "https://github.com/sponsors/ai"
        }
      ],
      "license": "MIT",
      "bin": {
        "nanoid": "bin/nanoid.cjs"
      },
      "engines": {
        "node": "^10 || ^12 || ^13.7 || ^14 || >=15.0.1"
      }
    },
    "node_modules/parent-module": {
      "version": "2.0.0",
      "resolved": "https://registry.npmjs.org/parent-module/-/parent-module-2.0.0.tgz",
      "integrity": "sha512-uo0Z9JJeWzv8BG+tRcapBKNJ0dro9cLyczGzulS6EfeyAdeC9sbojtW6XwvYxJkEne9En+J2XEl4zyglVeIwFg==",
      "dev": true,
      "license": "MIT",
      "dependencies": {
        "callsites": "^3.1.0"
      },
      "engines": {
        "node": ">=8"
      }
    },
    "node_modules/path-parse": {
      "version": "1.0.7",
      "resolved": "https://registry.npmjs.org/path-parse/-/path-parse-1.0.7.tgz",
      "integrity": "sha512-LDJzPVEEEPR+y48z93A0Ed0yXb8pAByGWo/k5YYdYgpY2/2EsOsksJrq7lOHxryrVOn1ejG6oAp8ahvOIQD8sw==",
      "dev": true,
      "license": "MIT"
    },
    "node_modules/picocolors": {
      "version": "1.1.1",
      "resolved": "https://registry.npmjs.org/picocolors/-/picocolors-1.1.1.tgz",
      "integrity": "sha512-xceH2snhtb5M9liqDsmEw56le376mTZkEX/jEb/RxNFyegNul7eNslCXP9FDj/Lcu0X8KEyMceP2ntpaHrDEVA==",
      "dev": true,
      "license": "ISC"
    },
    "node_modules/picomatch": {
      "version": "4.0.7",
      "resolved": "https://registry.npmjs.org/picomatch/-/picomatch-4.0.7.tgz",
      "integrity": "sha512-qcJu88Q2IWqJsDD529JKMdwGm/dvInW4HvQnRwiH9JtihJvzGOscDtHE3x1pBKeUOTysQ8kVmLnJ2kJu7yhcGA==",
      "dev": true,
      "license": "MIT",
      "engines": {
        "node": ">=12"
      },
      "funding": {
        "url": "https://github.com/sponsors/jonschlinkert"
      }
    },
    "node_modules/postcss": {
      "version": "8.5.29",
      "resolved": "https://registry.npmjs.org/postcss/-/postcss-8.5.29.tgz",
      "integrity": "sha512-49cGhUbXj8Qenv0iTMxA1cFBzxXoctpC9Ujd77t1WcbJIr6nF/eI7g/8MgxrYldFRuAXvja7xQRwavoW7kgrxQ==",
      "dev": true,
      "funding": [
        {
          "type": "opencollective",
          "url": "https://opencollective.com/postcss/"
        },
        {
          "type": "tidelift",
          "url": "https://tidelift.com/funding/github/npm/postcss"
        },
        {
          "type": "github",
          "url": "https://github.com/sponsors/ai"
        }
      ],
      "license": "MIT",
      "dependencies": {
        "nanoid": "^3.3.19",
        "picocolors": "^1.1.1",
        "source-map-js": "^1.2.2"
      },
      "engines": {
        "node": "^10 || ^12 || >=14"
      }
    },
    "node_modules/postcss-import": {
      "version": "17.0.0",
      "resolved": "https://registry.npmjs.org/postcss-import/-/postcss-import-17.0.0.tgz",
      "integrity": "sha512-qzVMJhcq39KweT7Fp0HcjE5YxL5yI854Q3CtufxDuZKO9HLQUp2rptB9+U0MIj3pT1ZEVXoqnpeC1mSkfYuz4Q==",
      "dev": true,
      "license": "MIT",
      "dependencies": {
        "postcss-value-parser": "^4.0.0",
        "read-cache": "^1.0.0",
        "resolve": "^1.1.7"
      },
      "engines": {
        "node": ">=22.0.0"
      },
      "peerDependencies": {
        "postcss": "^8.0.0"
      }
    },
    "node_modules/postcss-selector-parser": {
      "version": "7.1.6",
      "resolved": "https://registry.npmjs.org/postcss-selector-parser/-/postcss-selector-parser-7.1.6.tgz",
      "integrity": "sha512-7qASPzhKF2l2KLboRZux8CCTRMdGiV08vWmyKzPz22qZ7ZjQBOeY7rNzNoCLSUiftJ7HUq0GERHmxw/t0dCdMw==",
      "dev": true,
      "license": "MIT",
      "dependencies": {
        "cssesc": "^3.0.0",
        "util-deprecate": "^1.0.2"
      },
      "engines": {
        "node": ">=4"
      }
    },
    "node_modules/postcss-value-parser": {
      "version": "4.2.0",
      "resolved": "https://registry.npmjs.org/postcss-value-parser/-/postcss-value-parser-4.2.0.tgz",
      "integrity": "sha512-1NNCs6uurfkVbeXG4S8JFT9t19m45ICnif8zWLd5oPSZ50QnwMfK+H3jv408d4jw/7Bttv5axS5IiHoLaVNHeQ==",
      "dev": true,
      "license": "MIT"
    },
    "node_modules/read-cache": {
      "version": "1.0.2",
      "resolved": "https://registry.npmjs.org/read-cache/-/read-cache-1.0.2.tgz",
      "integrity": "sha512-/peqiBB/n07gQGLsWaHho3WfvUyRscw0gYTsEFMhrIe/nWLkYaf5SbKYjGYqtRV3aPwykJgF2VEMo1ac4bnsGA==",
      "dev": true,
      "license": "MIT"
    },
    "node_modules/resolve": {
      "version": "1.22.13",
      "resolved": "https://registry.npmjs.org/resolve/-/resolve-1.22.13.tgz",
      "integrity": "sha512-Dj/cW9zBV2aRj6XzCxuGIs3ESZKv02jixne3q6jFZYZ3/Tg09gHHviSMDL4kObh9pqSahdRHEnDoaP2gn8YLhA==",
      "dev": true,
      "license": "MIT",
      "dependencies": {
        "es-errors": "^1.3.0",
        "is-core-module": "^2.17.0",
        "path-parse": "^1.0.7",
        "supports-preserve-symlinks-flag": "^1.0.0"
      },
      "bin": {
        "resolve": "bin/resolve"
      },
      "engines": {
        "node": ">= 0.4"
      },
      "funding": {
        "url": "https://github.com/sponsors/ljharb"
      }
    },
    "node_modules/resolve-from": {
      "version": "5.0.0",
      "resolved": "https://registry.npmjs.org/resolve-from/-/resolve-from-5.0.0.tgz",
      "integrity": "sha512-qYg9KP24dD5qka9J47d0aVky0N+b4fTU89LN9iDnjB5waksiC49rvMB0PrUJQGoTmH50XPiqOvAjDfaijGxYZw==",
      "dev": true,
      "license": "MIT",
      "engines": {
        "node": ">=8"
      }
    },
    "node_modules/source-map-js": {
      "version": "1.2.2",
      "resolved": "https://registry.npmjs.org/source-map-js/-/source-map-js-1.2.2.tgz",
      "integrity": "sha512-KGj/8Y43x35aZVDtt+J4mK1hoLGHULMYfSkODJNQjNDC3oW1PqPoxMwo0pLUsWM/UEGzON/NxeHywEfNXNP3Vw==",
      "dev": true,
      "license": "BSD-3-Clause",
      "engines": {
        "node": ">=0.10.0"
      }
    },
    "node_modules/supports-preserve-symlinks-flag": {
      "version": "1.0.0",
      "resolved": "https://registry.npmjs.org/supports-preserve-symlinks-flag/-/supports-preserve-symlinks-flag-1.0.0.tgz",
      "integrity": "sha512-ot0WnXS9fgdkgIcePe6RHNk1WA8+muPa6cSjeR3V8K27q9BB1rTE3R1p7Hv0z1ZyAc8s6Vvv8DIyWf681MAt0w==",
      "dev": true,
      "license": "MIT",
      "engines": {
        "node": ">= 0.4"
      },
      "funding": {
        "url": "https://github.com/sponsors/ljharb"
      }
    },
    "node_modules/tinyglobby": {
      "version": "0.2.17",
      "resolved": "https://registry.npmjs.org/tinyglobby/-/tinyglobby-0.2.17.tgz",
      "integrity": "sha512-wXR/dYpcqKmfWpEdZjiKJOwCNFndD0DMnrW/cYjVGttEkBfVgcLFHoNrlj47mjOVic9yyNu65alsgF4NQyTa2g==",
      "dev": true,
      "license": "MIT",
      "dependencies": {
        "fdir": "^6.5.0",
        "picomatch": "^4.0.4"
      },
      "engines": {
        "node": ">=12.0.0"
      },
      "funding": {
        "url": "https://github.com/sponsors/SuperchupuDev"
      }
    },
    "node_modules/util-deprecate": {
      "version": "1.0.2",
      "resolved": "https://registry.npmjs.org/util-deprecate/-/util-deprecate-1.0.2.tgz",
      "integrity": "sha512-EPD5q1uXyFxJpCrLnCc1nHnq3gOa6DZBocAIiI2TaSCA7VCJ1UJDMagCzIkXNsUYfD1daK//LTEQ8xiIbrHtcw==",
      "dev": true,
      "license": "MIT"
    },
    "node_modules/yaml": {
      "version": "2.9.1",
      "resolved": "https://registry.npmjs.org/yaml/-/yaml-2.9.1.tgz",
      "integrity": "sha512-3NxN8+78OdzbT7C/WjGsyfPAtJaN3FNDsWxv7Y7mcDsT/oOmgW8BpyQQFFBnvZE3j9Y2Sdz1ULFLezL7Eb2yFw==",
      "dev": true,
      "license": "ISC",
      "bin": {
        "yaml": "bin.mjs"
      },
      "engines": {
        "node": ">= 14.6"
      },
      "funding": {
        "url": "https://github.com/sponsors/eemeli"
      }
    }
  }
}
